
Microsoft Visual Studio Solution File, Format Version 12.00
# Visual Studio 15
VisualStudioVersion = 15.0.28307.1000
MinimumVisualStudioVersion = 10.0.40219.1
Project("{FAE04EC0-301F-11D3-BF4B-00C04F79EFBC}") = "ElectroEshop", "ElectroEshop\ElectroEshop.csproj", "{7BD886B4-3F9C-4752-9BE6-3E007263839C}"
EndProject
Global
	GlobalSection(SolutionConfigurationPlatforms) = preSolution
		Debug|Any CPU = Debug|Any CPU
		Release|Any CPU = Release|Any CPU
	EndGlobalSection
	GlobalSection(ProjectConfigurationPlatforms) = postSolution
		{7BD886B4-3F9C-4752-9BE6-3E007263839C}.Debug|Any CPU.ActiveCfg = Debug|Any CPU
		{7BD886B4-3F9C-4752-9BE6-3E007263839C}.Debug|Any CPU.Build.0 = Debug|Any CPU
		{7BD886B4-3F9C-4752-9BE6-3E007263839C}.Release|Any CPU.ActiveCfg = Release|Any CPU
		{7BD886B4-3F9C-4752-9BE6-3E007263839C}.Release|Any CPU.Build.0 = Release|Any CPU
	EndGlobalSection
	GlobalSection(SolutionProperties) = preSolution
		HideSolutionNode = FALSE
	EndGlobalSection
	GlobalSection(ExtensibilityGlobals) = postSolution
		SolutionGuid = {439E9322-FCB0-4975-AD0A-B1F243F7A927}
	EndGlobalSection
EndGlobal
